Microsoft Visual Studio Solution File, Format Version 12.00
# Visual Studio Version 17
VisualStudioVersion = 17.5.2.0
MinimumVisualStudioVersion = 10.0.40219.1
Project("{FAE04EC0-301F-11D3-BF4B-00C04F79EFBC}") = "BlazorApp", "BlazorApp/BlazorApp.csproj", "{2C439FB5-3CB0-207C-0C68-0B5D7C34B3AE}"
EndProject
Global
	GlobalSection(SolutionConfigurationPlatforms) = preSolution
		Debug|Any CPU = Debug|Any CPU
		Release|Any CPU = Release|Any CPU
	EndGlobalSection
	GlobalSection(ProjectConfigurationPlatforms) = postSolution
		{2C439FB5-3CB0-207C-0C68-0B5D7C34B3AE}.Debug|Any CPU.ActiveCfg = Debug|Any CPU
		{2C439FB5-3CB0-207C-0C68-0B5D7C34B3AE}.Debug|Any CPU.Build.0 = Debug|Any CPU
		{2C439FB5-3CB0-207C-0C68-0B5D7C34B3AE}.Release|Any CPU.ActiveCfg = Release|Any CPU
		{2C439FB5-3CB0-207C-0C68-0B5D7C34B3AE}.Release|Any CPU.Build.0 = Release|Any CPU
	EndGlobalSection
	GlobalSection(SolutionProperties) = preSolution
		HideSolutionNode = FALSE
	EndGlobalSection
	GlobalSection(ExtensibilityGlobals) = postSolution
		SolutionGuid = {6CED8432-C462-4E48-BBB5-8D505856C6F5}
	EndGlobalSection
EndGlobal
